
Microsoft Visual Studio Solution File, Format Version 12.00
# Visual Studio Version 17
VisualStudioVersion = 17.0.31903.59
MinimumVisualStudioVersion = 10.0.40219.1
Project("{2150E333-8FDC-42A3-9474-1A3956D46DE8}") = "src", "src", "{D26C3A25-AEE0-41F0-A277-4418C5816A69}"
EndProject
Project("{2150E333-8FDC-42A3-9474-1A3956D46DE8}") = "BlazorApp", "BlazorApp", "{45895798-8C17-46B1-A6C8-AE3E68783A8F}"
EndProject
Project("{FAE04EC0-301F-11D3-BF4B-00C04F79EFBC}") = "Client", "src\BlazorApp\Client\Client.csproj", "{4E1D279D-A484-49A2-8BAB-BE24E0606B78}"
EndProject
Project("{FAE04EC0-301F-11D3-BF4B-00C04F79EFBC}") = "BlazorApp", "src\BlazorApp\Server\BlazorApp.csproj", "{E4265AC0-4C57-4BE8-AB8E-405D44F6B06A}"
EndProject
Project("{FAE04EC0-301F-11D3-BF4B-00C04F79EFBC}") = "Shared", "src\BlazorApp\Shared\Shared.csproj", "{377F1080-BE91-48D9-B3C0-40D09F623339}"
EndProject
Project("{FAE04EC0-301F-11D3-BF4B-00C04F79EFBC}") = "Diagnostics", "src\Diagnostics\Diagnostics.csproj", "{9442D789-BE6E-4435-B3C1-2AD5EF62A16C}"
EndProject
Project("{2150E333-8FDC-42A3-9474-1A3956D46DE8}") = "test", "test", "{D939A839-38D6-4D4B-90E3-34072F7D7389}"
EndProject
Project("{FAE04EC0-301F-11D3-BF4B-00C04F79EFBC}") = "BlazorApp.Tests", "test\BlazorApp.Tests\BlazorApp.Tests.csproj", "{61205512-492C-49F6-AD47-08578E7038A1}"
EndProject
Project("{FAE04EC0-301F-11D3-BF4B-00C04F79EFBC}") = "BlazorApp.IntegrationTests", "test\BlazorApp.IntegrationTests\BlazorApp.IntegrationTests.csproj", "{4A91F611-DEB0-40A9-B138-5E4A1ABBE0CD}"
EndProject
Project("{FAE04EC0-301F-11D3-BF4B-00C04F79EFBC}") = "Worker", "src\Worker\Worker.csproj", "{04631050-9290-4C73-8EA1-D7F37F7B559B}"
EndProject
Project("{FAE04EC0-301F-11D3-BF4B-00C04F79EFBC}") = "Contracts", "src\Contracts\Contracts.csproj", "{923011BE-BB65-4A28-8217-9BF88EE86271}"
EndProject
Project("{FAE04EC0-301F-11D3-BF4B-00C04F79EFBC}") = "Worker.IntegrationTests", "test\Worker.IntegrationTests\Worker.IntegrationTests.csproj", "{386272B7-9E92-478A-842F-88C2789DF85F}"
EndProject
Project("{FAE04EC0-301F-11D3-BF4B-00C04F79EFBC}") = "Extensions", "src\Extensions\Extensions.csproj", "{52508C34-DE2F-4B74-AB64-3CB8FFEB05F4}"
EndProject
Global
	GlobalSection(SolutionConfigurationPlatforms) = preSolution
		Debug|Any CPU = Debug|Any CPU
		Debug|x64 = Debug|x64
		Debug|x86 = Debug|x86
		Release|Any CPU = Release|Any CPU
		Release|x64 = Release|x64
		Release|x86 = Release|x86
	EndGlobalSection
	GlobalSection(ProjectConfigurationPlatforms) = postSolution
		{4E1D279D-A484-49A2-8BAB-BE24E0606B78}.Debug|Any CPU.ActiveCfg = Debug|Any CPU
		{4E1D279D-A484-49A2-8BAB-BE24E0606B78}.Debug|Any CPU.Build.0 = Debug|Any CPU
		{4E1D279D-A484-49A2-8BAB-BE24E0606B78}.Debug|x64.ActiveCfg = Debug|Any CPU
		{4E1D279D-A484-49A2-8BAB-BE24E0606B78}.Debug|x64.Build.0 = Debug|Any CPU
		{4E1D279D-A484-49A2-8BAB-BE24E0606B78}.Debug|x86.ActiveCfg = Debug|Any CPU
		{4E1D279D-A484-49A2-8BAB-BE24E0606B78}.Debug|x86.Build.0 = Debug|Any CPU
		{4E1D279D-A484-49A2-8BAB-BE24E0606B78}.Release|Any CPU.ActiveCfg = Release|Any CPU
		{4E1D279D-A484-49A2-8BAB-BE24E0606B78}.Release|Any CPU.Build.0 = Release|Any CPU
		{4E1D279D-A484-49A2-8BAB-BE24E0606B78}.Release|x64.ActiveCfg = Release|Any CPU
		{4E1D279D-A484-49A2-8BAB-BE24E0606B78}.Release|x64.Build.0 = Release|Any CPU
		{4E1D279D-A484-49A2-8BAB-BE24E0606B78}.Release|x86.ActiveCfg = Release|Any CPU
		{4E1D279D-A484-49A2-8BAB-BE24E0606B78}.Release|x86.Build.0 = Release|Any CPU
		{E4265AC0-4C57-4BE8-AB8E-405D44F6B06A}.Debug|Any CPU.ActiveCfg = Debug|Any CPU
		{E4265AC0-4C57-4BE8-AB8E-405D44F6B06A}.Debug|Any CPU.Build.0 = Debug|Any CPU
		{E4265AC0-4C57-4BE8-AB8E-405D44F6B06A}.Debug|x64.ActiveCfg = Debug|Any CPU
		{E4265AC0-4C57-4BE8-AB8E-405D44F6B06A}.Debug|x64.Build.0 = Debug|Any CPU
		{E4265AC0-4C57-4BE8-AB8E-405D44F6B06A}.Debug|x86.ActiveCfg = Debug|Any CPU
		{E4265AC0-4C57-4BE8-AB8E-405D44F6B06A}.Debug|x86.Build.0 = Debug|Any CPU
		{E4265AC0-4C57-4BE8-AB8E-405D44F6B06A}.Release|Any CPU.ActiveCfg = Release|Any CPU
		{E4265AC0-4C57-4BE8-AB8E-405D44F6B06A}.Release|Any CPU.Build.0 = Release|Any CPU
		{E4265AC0-4C57-4BE8-AB8E-405D44F6B06A}.Release|x64.ActiveCfg = Release|Any CPU
		{E4265AC0-4C57-4BE8-AB8E-405D44F6B06A}.Release|x64.Build.0 = Release|Any CPU
		{E4265AC0-4C57-4BE8-AB8E-405D44F6B06A}.Release|x86.ActiveCfg = Release|Any CPU
		{E4265AC0-4C57-4BE8-AB8E-405D44F6B06A}.Release|x86.Build.0 = Release|Any CPU
		{377F1080-BE91-48D9-B3C0-40D09F623339}.Debug|Any CPU.ActiveCfg = Debug|Any CPU
		{377F1080-BE91-48D9-B3C0-40D09F623339}.Debug|Any CPU.Build.0 = Debug|Any CPU
		{377F1080-BE91-48D9-B3C0-40D09F623339}.Debug|x64.ActiveCfg = Debug|Any CPU
		{377F1080-BE91-48D9-B3C0-40D09F623339}.Debug|x64.Build.0 = Debug|Any CPU
		{377F1080-BE91-48D9-B3C0-40D09F623339}.Debug|x86.ActiveCfg = Debug|Any CPU
		{377F1080-BE91-48D9-B3C0-40D09F623339}.Debug|x86.Build.0 = Debug|Any CPU
		{377F1080-BE91-48D9-B3C0-40D09F623339}.Release|Any CPU.ActiveCfg = Release|Any CPU
		{377F1080-BE91-48D9-B3C0-40D09F623339}.Release|Any CPU.Build.0 = Release|Any CPU
		{377F1080-BE91-48D9-B3C0-40D09F623339}.Release|x64.ActiveCfg = Release|Any CPU
		{377F1080-BE91-48D9-B3C0-40D09F623339}.Release|x64.Build.0 = Release|Any CPU
		{377F1080-BE91-48D9-B3C0-40D09F623339}.Release|x86.ActiveCfg = Release|Any CPU
		{377F1080-BE91-48D9-B3C0-40D09F623339}.Release|x86.Build.0 = Release|Any CPU
		{9442D789-BE6E-4435-B3C1-2AD5EF62A16C}.Debug|Any CPU.ActiveCfg = Debug|Any CPU
		{9442D789-BE6E-4435-B3C1-2AD5EF62A16C}.Debug|Any CPU.Build.0 = Debug|Any CPU
		{9442D789-BE6E-4435-B3C1-2AD5EF62A16C}.Debug|x64.ActiveCfg = Debug|Any CPU
		{9442D789-BE6E-4435-B3C1-2AD5EF62A16C}.Debug|x64.Build.0 = Debug|Any CPU
		{9442D789-BE6E-4435-B3C1-2AD5EF62A16C}.Debug|x86.ActiveCfg = Debug|Any CPU
		{9442D789-BE6E-4435-B3C1-2AD5EF62A16C}.Debug|x86.Build.0 = Debug|Any CPU
		{9442D789-BE6E-4435-B3C1-2AD5EF62A16C}.Release|Any CPU.ActiveCfg = Release|Any CPU
		{9442D789-BE6E-4435-B3C1-2AD5EF62A16C}.Release|Any CPU.Build.0 = Release|Any CPU
		{9442D789-BE6E-4435-B3C1-2AD5EF62A16C}.Release|x64.ActiveCfg = Release|Any CPU
		{9442D789-BE6E-4435-B3C1-2AD5EF62A16C}.Release|x64.Build.0 = Release|Any CPU
		{9442D789-BE6E-4435-B3C1-2AD5EF62A16C}.Release|x86.ActiveCfg = Release|Any CPU
		{9442D789-BE6E-4435-B3C1-2AD5EF62A16C}.Release|x86.Build.0 = Release|Any CPU
		{61205512-492C-49F6-AD47-08578E7038A1}.Debug|Any CPU.ActiveCfg = Debug|Any CPU
		{61205512-492C-49F6-AD47-08578E7038A1}.Debug|Any CPU.Build.0 = Debug|Any CPU
		{61205512-492C-49F6-AD47-08578E7038A1}.Debug|x64.ActiveCfg = Debug|Any CPU
		{61205512-492C-49F6-AD47-08578E7038A1}.Debug|x64.Build.0 = Debug|Any CPU
		{61205512-492C-49F6-AD47-08578E7038A1}.Debug|x86.ActiveCfg = Debug|Any CPU
		{61205512-492C-49F6-AD47-08578E7038A1}.Debug|x86.Build.0 = Debug|Any CPU
		{61205512-492C-49F6-AD47-08578E7038A1}.Release|Any CPU.ActiveCfg = Release|Any CPU
		{61205512-492C-49F6-AD47-08578E7038A1}.Release|Any CPU.Build.0 = Release|Any CPU
		{61205512-492C-49F6-AD47-08578E7038A1}.Release|x64.ActiveCfg = Release|Any CPU
		{61205512-492C-49F6-AD47-08578E7038A1}.Release|x64.Build.0 = Release|Any CPU
		{61205512-492C-49F6-AD47-08578E7038A1}.Release|x86.ActiveCfg = Release|Any CPU
		{61205512-492C-49F6-AD47-08578E7038A1}.Release|x86.Build.0 = Release|Any CPU
		{4A91F611-DEB0-40A9-B138-5E4A1ABBE0CD}.Debug|Any CPU.ActiveCfg = Debug|Any CPU
		{4A91F611-DEB0-40A9-B138-5E4A1ABBE0CD}.Debug|Any CPU.Build.0 = Debug|Any CPU
		{4A91F611-DEB0-40A9-B138-5E4A1ABBE0CD}.Debug|x64.ActiveCfg = Debug|Any CPU
		{4A91F611-DEB0-40A9-B138-5E4A1ABBE0CD}.Debug|x64.Build.0 = Debug|Any CPU
		{4A91F611-DEB0-40A9-B138-5E4A1ABBE0CD}.Debug|x86.ActiveCfg = Debug|Any CPU
		{4A91F611-DEB0-40A9-B138-5E4A1ABBE0CD}.Debug|x86.Build.0 = Debug|Any CPU
		{4A91F611-DEB0-40A9-B138-5E4A1ABBE0CD}.Release|Any CPU.ActiveCfg = Release|Any CPU
		{4A91F611-DEB0-40A9-B138-5E4A1ABBE0CD}.Release|Any CPU.Build.0 = Release|Any CPU
		{4A91F611-DEB0-40A9-B138-5E4A1ABBE0CD}.Release|x64.ActiveCfg = Release|Any CPU
		{4A91F611-DEB0-40A9-B138-5E4A1ABBE0CD}.Release|x64.Build.0 = Release|Any CPU
		{4A91F611-DEB0-40A9-B138-5E4A1ABBE0CD}.Release|x86.ActiveCfg = Release|Any CPU
		{4A91F611-DEB0-40A9-B138-5E4A1ABBE0CD}.Release|x86.Build.0 = Release|Any CPU
		{04631050-9290-4C73-8EA1-D7F37F7B559B}.Debug|Any CPU.ActiveCfg = Debug|Any CPU
		{04631050-9290-4C73-8EA1-D7F37F7B559B}.Debug|Any CPU.Build.0 = Debug|Any CPU
		{04631050-9290-4C73-8EA1-D7F37F7B559B}.Debug|x64.ActiveCfg = Debug|Any CPU
		{04631050-9290-4C73-8EA1-D7F37F7B559B}.Debug|x64.Build.0 = Debug|Any CPU
		{04631050-9290-4C73-8EA1-D7F37F7B559B}.Debug|x86.ActiveCfg = Debug|Any CPU
		{04631050-9290-4C73-8EA1-D7F37F7B559B}.Debug|x86.Build.0 = Debug|Any CPU
		{04631050-9290-4C73-8EA1-D7F37F7B559B}.Release|Any CPU.ActiveCfg = Release|Any CPU
		{04631050-9290-4C73-8EA1-D7F37F7B559B}.Release|Any CPU.Build.0 = Release|Any CPU
		{04631050-9290-4C73-8EA1-D7F37F7B559B}.Release|x64.ActiveCfg = Release|Any CPU
		{04631050-9290-4C73-8EA1-D7F37F7B559B}.Release|x64.Build.0 = Release|Any CPU
		{04631050-9290-4C73-8EA1-D7F37F7B559B}.Release|x86.ActiveCfg = Release|Any CPU
		{04631050-9290-4C73-8EA1-D7F37F7B559B}.Release|x86.Build.0 = Release|Any CPU
		{923011BE-BB65-4A28-8217-9BF88EE86271}.Debug|Any CPU.ActiveCfg = Debug|Any CPU
		{923011BE-BB65-4A28-8217-9BF88EE86271}.Debug|Any CPU.Build.0 = Debug|Any CPU
		{923011BE-BB65-4A28-8217-9BF88EE86271}.Debug|x64.ActiveCfg = Debug|Any CPU
		{923011BE-BB65-4A28-8217-9BF88EE86271}.Debug|x64.Build.0 = Debug|Any CPU
		{923011BE-BB65-4A28-8217-9BF88EE86271}.Debug|x86.ActiveCfg = Debug|Any CPU
		{923011BE-BB65-4A28-8217-9BF88EE86271}.Debug|x86.Build.0 = Debug|Any CPU
		{923011BE-BB65-4A28-8217-9BF88EE86271}.Release|Any CPU.ActiveCfg = Release|Any CPU
		{923011BE-BB65-4A28-8217-9BF88EE86271}.Release|Any CPU.Build.0 = Release|Any CPU
		{923011BE-BB65-4A28-8217-9BF88EE86271}.Release|x64.ActiveCfg = Release|Any CPU
		{923011BE-BB65-4A28-8217-9BF88EE86271}.Release|x64.Build.0 = Release|Any CPU
		{923011BE-BB65-4A28-8217-9BF88EE86271}.Release|x86.ActiveCfg = Release|Any CPU
		{923011BE-BB65-4A28-8217-9BF88EE86271}.Release|x86.Build.0 = Release|Any CPU
		{386272B7-9E92-478A-842F-88C2789DF85F}.Debug|Any CPU.ActiveCfg = Debug|Any CPU
		{386272B7-9E92-478A-842F-88C2789DF85F}.Debug|Any CPU.Build.0 = Debug|Any CPU
		{386272B7-9E92-478A-842F-88C2789DF85F}.Debug|x64.ActiveCfg = Debug|Any CPU
		{386272B7-9E92-478A-842F-88C2789DF85F}.Debug|x64.Build.0 = Debug|Any CPU
		{386272B7-9E92-478A-842F-88C2789DF85F}.Debug|x86.ActiveCfg = Debug|Any CPU
		{386272B7-9E92-478A-842F-88C2789DF85F}.Debug|x86.Build.0 = Debug|Any CPU
		{386272B7-9E92-478A-842F-88C2789DF85F}.Release|Any CPU.ActiveCfg = Release|Any CPU
		{386272B7-9E92-478A-842F-88C2789DF85F}.Release|Any CPU.Build.0 = Release|Any CPU
		{386272B7-9E92-478A-842F-88C2789DF85F}.Release|x64.ActiveCfg = Release|Any CPU
		{386272B7-9E92-478A-842F-88C2789DF85F}.Release|x64.Build.0 = Release|Any CPU
		{386272B7-9E92-478A-842F-88C2789DF85F}.Release|x86.ActiveCfg = Release|Any CPU
		{386272B7-9E92-478A-842F-88C2789DF85F}.Release|x86.Build.0 = Release|Any CPU
		{52508C34-DE2F-4B74-AB64-3CB8FFEB05F4}.Debug|Any CPU.ActiveCfg = Debug|Any CPU
		{52508C34-DE2F-4B74-AB64-3CB8FFEB05F4}.Debug|Any CPU.Build.0 = Debug|Any CPU
		{52508C34-DE2F-4B74-AB64-3CB8FFEB05F4}.Debug|x64.ActiveCfg = Debug|Any CPU
		{52508C34-DE2F-4B74-AB64-3CB8FFEB05F4}.Debug|x64.Build.0 = Debug|Any CPU
		{52508C34-DE2F-4B74-AB64-3CB8FFEB05F4}.Debug|x86.ActiveCfg = Debug|Any CPU
		{52508C34-DE2F-4B74-AB64-3CB8FFEB05F4}.Debug|x86.Build.0 = Debug|Any CPU
		{52508C34-DE2F-4B74-AB64-3CB8FFEB05F4}.Release|Any CPU.ActiveCfg = Release|Any CPU
		{52508C34-DE2F-4B74-AB64-3CB8FFEB05F4}.Release|Any CPU.Build.0 = Release|Any CPU
		{52508C34-DE2F-4B74-AB64-3CB8FFEB05F4}.Release|x64.ActiveCfg = Release|Any CPU
		{52508C34-DE2F-4B74-AB64-3CB8FFEB05F4}.Release|x64.Build.0 = Release|Any CPU
		{52508C34-DE2F-4B74-AB64-3CB8FFEB05F4}.Release|x86.ActiveCfg = Release|Any CPU
		{52508C34-DE2F-4B74-AB64-3CB8FFEB05F4}.Release|x86.Build.0 = Release|Any CPU
	EndGlobalSection
	GlobalSection(SolutionProperties) = preSolution
		HideSolutionNode = FALSE
	EndGlobalSection
	GlobalSection(NestedProjects) = preSolution
		{45895798-8C17-46B1-A6C8-AE3E68783A8F} = {D26C3A25-AEE0-41F0-A277-4418C5816A69}
		{4E1D279D-A484-49A2-8BAB-BE24E0606B78} = {45895798-8C17-46B1-A6C8-AE3E68783A8F}
		{E4265AC0-4C57-4BE8-AB8E-405D44F6B06A} = {45895798-8C17-46B1-A6C8-AE3E68783A8F}
		{377F1080-BE91-48D9-B3C0-40D09F623339} = {45895798-8C17-46B1-A6C8-AE3E68783A8F}
		{9442D789-BE6E-4435-B3C1-2AD5EF62A16C} = {D26C3A25-AEE0-41F0-A277-4418C5816A69}
		{61205512-492C-49F6-AD47-08578E7038A1} = {D939A839-38D6-4D4B-90E3-34072F7D7389}
		{4A91F611-DEB0-40A9-B138-5E4A1ABBE0CD} = {D939A839-38D6-4D4B-90E3-34072F7D7389}
		{04631050-9290-4C73-8EA1-D7F37F7B559B} = {D26C3A25-AEE0-41F0-A277-4418C5816A69}
		{923011BE-BB65-4A28-8217-9BF88EE86271} = {D26C3A25-AEE0-41F0-A277-4418C5816A69}
		{386272B7-9E92-478A-842F-88C2789DF85F} = {D939A839-38D6-4D4B-90E3-34072F7D7389}
		{52508C34-DE2F-4B74-AB64-3CB8FFEB05F4} = {D26C3A25-AEE0-41F0-A277-4418C5816A69}
	EndGlobalSection
EndGlobal
